
Microsoft Visual Studio Solution File, Format Version 12.00
# Visual Studio Version 17
VisualStudioVersion = 17.14.36518.9 d17.14
MinimumVisualStudioVersion = 10.0.40219.1
Project("{FAE04EC0-301F-11D3-BF4B-00C04F79EFBC}") = "examen_bibliotech", "examen_bibliotech\examen_bibliotech.csproj", "{24B53C55-55F6-488D-ABB5-47A485FC5BDB}"
EndProject
Global
	GlobalSection(SolutionConfigurationPlatforms) = preSolution
		Debug|Any CPU = Debug|Any CPU
		Release|Any CPU = Release|Any CPU
	EndGlobalSection
	GlobalSection(ProjectConfigurationPlatforms) = postSolution
		{24B53C55-55F6-488D-ABB5-47A485FC5BDB}.Debug|Any CPU.ActiveCfg = Debug|Any CPU
		{24B53C55-55F6-488D-ABB5-47A485FC5BDB}.Debug|Any CPU.Build.0 = Debug|Any CPU
		{24B53C55-55F6-488D-ABB5-47A485FC5BDB}.Release|Any CPU.ActiveCfg = Release|Any CPU
		{24B53C55-55F6-488D-ABB5-47A485FC5BDB}.Release|Any CPU.Build.0 = Release|Any CPU
	EndGlobalSection
	GlobalSection(SolutionProperties) = preSolution
		HideSolutionNode = FALSE
	EndGlobalSection
	GlobalSection(ExtensibilityGlobals) = postSolution
		SolutionGuid = {77509BD7-B82E-4EB8-BF86-D8CCB8DC484D}
	EndGlobalSection
EndGlobal
